
Microsoft Visual Studio Solution File, Format Version 12.00
# Visual Studio Version 17
VisualStudioVersion = 17.12.35521.163 d17.12
MinimumVisualStudioVersion = 10.0.40219.1
Project("{FAE04EC0-301F-11D3-BF4B-00C04F79EFBC}") = "Alfred.DataStructures", "Alfred.DataStructures\Alfred.DataStructures.csproj", "{A658BBC5-073C-422D-BC7C-49562DD16E83}"
EndProject
Project("{FAE04EC0-301F-11D3-BF4B-00C04F79EFBC}") = "Alfred.DataStructures.UnitTests", "Alfred.DataStructures.UnitTests\Alfred.DataStructures.UnitTests.csproj", "{2AF6852B-2FE6-4D77-85DB-208963CC4018}"
EndProject
Project("{FAE04EC0-301F-11D3-BF4B-00C04F79EFBC}") = "Alfred.PerformanceTests", "Alfred.PerformanceTests\Alfred.PerformanceTests.csproj", "{8E090395-ED20-41C7-9066-BB6E41B198BD}"
EndProject
Global
	GlobalSection(SolutionConfigurationPlatforms) = preSolution
		Debug|Any CPU = Debug|Any CPU
		Release|Any CPU = Release|Any CPU
	EndGlobalSection
	GlobalSection(ProjectConfigurationPlatforms) = postSolution
		{A658BBC5-073C-422D-BC7C-49562DD16E83}.Debug|Any CPU.ActiveCfg = Debug|Any CPU
		{A658BBC5-073C-422D-BC7C-49562DD16E83}.Debug|Any CPU.Build.0 = Debug|Any CPU
		{A658BBC5-073C-422D-BC7C-49562DD16E83}.Release|Any CPU.ActiveCfg = Release|Any CPU
		{A658BBC5-073C-422D-BC7C-49562DD16E83}.Release|Any CPU.Build.0 = Release|Any CPU
		{2AF6852B-2FE6-4D77-85DB-208963CC4018}.Debug|Any CPU.ActiveCfg = Debug|Any CPU
		{2AF6852B-2FE6-4D77-85DB-208963CC4018}.Debug|Any CPU.Build.0 = Debug|Any CPU
		{2AF6852B-2FE6-4D77-85DB-208963CC4018}.Release|Any CPU.ActiveCfg = Release|Any CPU
		{2AF6852B-2FE6-4D77-85DB-208963CC4018}.Release|Any CPU.Build.0 = Release|Any CPU
		{8E090395-ED20-41C7-9066-BB6E41B198BD}.Debug|Any CPU.ActiveCfg = Debug|Any CPU
		{8E090395-ED20-41C7-9066-BB6E41B198BD}.Debug|Any CPU.Build.0 = Debug|Any CPU
		{8E090395-ED20-41C7-9066-BB6E41B198BD}.Release|Any CPU.ActiveCfg = Release|Any CPU
		{8E090395-ED20-41C7-9066-BB6E41B198BD}.Release|Any CPU.Build.0 = Release|Any CPU
	EndGlobalSection
	GlobalSection(SolutionProperties) = preSolution
		HideSolutionNode = FALSE
	EndGlobalSection
EndGlobal
